
Microsoft Visual Studio Solution File, Format Version 12.00
# Visual Studio Version 16
VisualStudioVersion = 16.0.30611.23
MinimumVisualStudioVersion = 10.0.40219.1
Project("{FAE04EC0-301F-11D3-BF4B-00C04F79EFBC}") = "Assignment3.UWP", "Assignment3.UWP\Assignment3.UWP.csproj", "{A756BDCA-4B94-48C0-A835-2B1C3A7BD0DA}"
EndProject
Project("{FAE04EC0-301F-11D3-BF4B-00C04F79EFBC}") = "Assignment3.Android", "Assignment3.Android\Assignment3.Android.csproj", "{4AAEDE3D-EE65-47DF-A08F-E2A3FC2161A2}"
EndProject
Project("{FAE04EC0-301F-11D3-BF4B-00C04F79EFBC}") = "Assignment3.iOS", "Assignment3.iOS\Assignment3.iOS.csproj", "{6EBC05AF-98EE-4A2D-AAED-7FA7DF4C343F}"
EndProject
Project("{FAE04EC0-301F-11D3-BF4B-00C04F79EFBC}") = "Assignment3", "Assignment3\Assignment3.csproj", "{382574AF-EA45-4E75-8FEF-06F714A5A89C}"
EndProject
Global
	GlobalSection(SolutionConfigurationPlatforms) = preSolution
		Debug|Any CPU = Debug|Any CPU
		Debug|ARM = Debug|ARM
		Debug|iPhone = Debug|iPhone
		Debug|iPhoneSimulator = Debug|iPhoneSimulator
		Debug|x64 = Debug|x64
		Debug|x86 = Debug|x86
		Release|Any CPU = Release|Any CPU
		Release|ARM = Release|ARM
		Release|iPhone = Release|iPhone
		Release|iPhoneSimulator = Release|iPhoneSimulator
		Release|x64 = Release|x64
		Release|x86 = Release|x86
	EndGlobalSection
	GlobalSection(ProjectConfigurationPlatforms) = postSolution
		{A756BDCA-4B94-48C0-A835-2B1C3A7BD0DA}.Debug|Any CPU.ActiveCfg = Debug|x86
		{A756BDCA-4B94-48C0-A835-2B1C3A7BD0DA}.Debug|Any CPU.Build.0 = Debug|x86
		{A756BDCA-4B94-48C0-A835-2B1C3A7BD0DA}.Debug|Any CPU.Deploy.0 = Debug|x86
		{A756BDCA-4B94-48C0-A835-2B1C3A7BD0DA}.Debug|ARM.ActiveCfg = Debug|ARM
		{A756BDCA-4B94-48C0-A835-2B1C3A7BD0DA}.Debug|ARM.Build.0 = Debug|ARM
		{A756BDCA-4B94-48C0-A835-2B1C3A7BD0DA}.Debug|ARM.Deploy.0 = Debug|ARM
		{A756BDCA-4B94-48C0-A835-2B1C3A7BD0DA}.Debug|iPhone.ActiveCfg = Debug|x86
		{A756BDCA-4B94-48C0-A835-2B1C3A7BD0DA}.Debug|iPhone.Build.0 = Debug|x86
		{A756BDCA-4B94-48C0-A835-2B1C3A7BD0DA}.Debug|iPhone.Deploy.0 = Debug|x86
		{A756BDCA-4B94-48C0-A835-2B1C3A7BD0DA}.Debug|iPhoneSimulator.ActiveCfg = Debug|x86
		{A756BDCA-4B94-48C0-A835-2B1C3A7BD0DA}.Debug|iPhoneSimulator.Build.0 = Debug|x86
		{A756BDCA-4B94-48C0-A835-2B1C3A7BD0DA}.Debug|iPhoneSimulator.Deploy.0 = Debug|x86
		{A756BDCA-4B94-48C0-A835-2B1C3A7BD0DA}.Debug|x64.ActiveCfg = Debug|x64
		{A756BDCA-4B94-48C0-A835-2B1C3A7BD0DA}.Debug|x64.Build.0 = Debug|x64
		{A756BDCA-4B94-48C0-A835-2B1C3A7BD0DA}.Debug|x64.Deploy.0 = Debug|x64
		{A756BDCA-4B94-48C0-A835-2B1C3A7BD0DA}.Debug|x86.ActiveCfg = Debug|x86
		{A756BDCA-4B94-48C0-A835-2B1C3A7BD0DA}.Debug|x86.Build.0 = Debug|x86
		{A756BDCA-4B94-48C0-A835-2B1C3A7BD0DA}.Debug|x86.Deploy.0 = Debug|x86
		{A756BDCA-4B94-48C0-A835-2B1C3A7BD0DA}.Release|Any CPU.ActiveCfg = Release|x86
		{A756BDCA-4B94-48C0-A835-2B1C3A7BD0DA}.Release|Any CPU.Build.0 = Release|x86
		{A756BDCA-4B94-48C0-A835-2B1C3A7BD0DA}.Release|Any CPU.Deploy.0 = Release|x86
		{A756BDCA-4B94-48C0-A835-2B1C3A7BD0DA}.Release|ARM.ActiveCfg = Release|ARM
		{A756BDCA-4B94-48C0-A835-2B1C3A7BD0DA}.Release|ARM.Build.0 = Release|ARM
		{A756BDCA-4B94-48C0-A835-2B1C3A7BD0DA}.Release|ARM.Deploy.0 = Release|ARM
		{A756BDCA-4B94-48C0-A835-2B1C3A7BD0DA}.Release|iPhone.ActiveCfg = Release|x86
		{A756BDCA-4B94-48C0-A835-2B1C3A7BD0DA}.Release|iPhone.Build.0 = Release|x86
		{A756BDCA-4B94-48C0-A835-2B1C3A7BD0DA}.Release|iPhone.Deploy.0 = Release|x86
		{A756BDCA-4B94-48C0-A835-2B1C3A7BD0DA}.Release|iPhoneSimulator.ActiveCfg = Release|x86
		{A756BDCA-4B94-48C0-A835-2B1C3A7BD0DA}.Release|iPhoneSimulator.Build.0 = Release|x86
		{A756BDCA-4B94-48C0-A835-2B1C3A7BD0DA}.Release|iPhoneSimulator.Deploy.0 = Release|x86
		{A756BDCA-4B94-48C0-A835-2B1C3A7BD0DA}.Release|x64.ActiveCfg = Release|x64
		{A756BDCA-4B94-48C0-A835-2B1C3A7BD0DA}.Release|x64.Build.0 = Release|x64
		{A756BDCA-4B94-48C0-A835-2B1C3A7BD0DA}.Release|x64.Deploy.0 = Release|x64
		{A756BDCA-4B94-48C0-A835-2B1C3A7BD0DA}.Release|x86.ActiveCfg = Release|x86
		{A756BDCA-4B94-48C0-A835-2B1C3A7BD0DA}.Release|x86.Build.0 = Release|x86
		{A756BDCA-4B94-48C0-A835-2B1C3A7BD0DA}.Release|x86.Deploy.0 = Release|x86
		{4AAEDE3D-EE65-47DF-A08F-E2A3FC2161A2}.Debug|Any CPU.ActiveCfg = Debug|Any CPU
		{4AAEDE3D-EE65-47DF-A08F-E2A3FC2161A2}.Debug|Any CPU.Build.0 = Debug|Any CPU
		{4AAEDE3D-EE65-47DF-A08F-E2A3FC2161A2}.Debug|Any CPU.Deploy.0 = Debug|Any CPU
		{4AAEDE3D-EE65-47DF-A08F-E2A3FC2161A2}.Debug|ARM.ActiveCfg = Debug|Any CPU
		{4AAEDE3D-EE65-47DF-A08F-E2A3FC2161A2}.Debug|ARM.Build.0 = Debug|Any CPU
		{4AAEDE3D-EE65-47DF-A08F-E2A3FC2161A2}.Debug|ARM.Deploy.0 = Debug|Any CPU
		{4AAEDE3D-EE65-47DF-A08F-E2A3FC2161A2}.Debug|iPhone.ActiveCfg = Debug|Any CPU
		{4AAEDE3D-EE65-47DF-A08F-E2A3FC2161A2}.Debug|iPhone.Build.0 = Debug|Any CPU
		{4AAEDE3D-EE65-47DF-A08F-E2A3FC2161A2}.Debug|iPhone.Deploy.0 = Debug|Any CPU
		{4AAEDE3D-EE65-47DF-A08F-E2A3FC2161A2}.Debug|iPhoneSimulator.ActiveCfg = Debug|Any CPU
		{4AAEDE3D-EE65-47DF-A08F-E2A3FC2161A2}.Debug|iPhoneSimulator.Build.0 = Debug|Any CPU
		{4AAEDE3D-EE65-47DF-A08F-E2A3FC2161A2}.Debug|iPhoneSimulator.Deploy.0 = Debug|Any CPU
		{4AAEDE3D-EE65-47DF-A08F-E2A3FC2161A2}.Debug|x64.ActiveCfg = Debug|Any CPU
		{4AAEDE3D-EE65-47DF-A08F-E2A3FC2161A2}.Debug|x64.Build.0 = Debug|Any CPU
		{4AAEDE3D-EE65-47DF-A08F-E2A3FC2161A2}.Debug|x64.Deploy.0 = Debug|Any CPU
		{4AAEDE3D-EE65-47DF-A08F-E2A3FC2161A2}.Debug|x86.ActiveCfg = Debug|Any CPU
		{4AAEDE3D-EE65-47DF-A08F-E2A3FC2161A2}.Debug|x86.Build.0 = Debug|Any CPU
		{4AAEDE3D-EE65-47DF-A08F-E2A3FC2161A2}.Debug|x86.Deploy.0 = Debug|Any CPU
		{4AAEDE3D-EE65-47DF-A08F-E2A3FC2161A2}.Release|Any CPU.ActiveCfg = Release|Any CPU
		{4AAEDE3D-EE65-47DF-A08F-E2A3FC2161A2}.Release|Any CPU.Build.0 = Release|Any CPU
		{4AAEDE3D-EE65-47DF-A08F-E2A3FC2161A2}.Release|Any CPU.Deploy.0 = Release|Any CPU
		{4AAEDE3D-EE65-47DF-A08F-E2A3FC2161A2}.Release|ARM.ActiveCfg = Release|Any CPU
		{4AAEDE3D-EE65-47DF-A08F-E2A3FC2161A2}.Release|ARM.Build.0 = Release|Any CPU
		{4AAEDE3D-EE65-47DF-A08F-E2A3FC2161A2}.Release|ARM.Deploy.0 = Release|Any CPU
		{4AAEDE3D-EE65-47DF-A08F-E2A3FC2161A2}.Release|iPhone.ActiveCfg = Release|Any CPU
		{4AAEDE3D-EE65-47DF-A08F-E2A3FC2161A2}.Release|iPhone.Build.0 = Release|Any CPU
		{4AAEDE3D-EE65-47DF-A08F-E2A3FC2161A2}.Release|iPhone.Deploy.0 = Release|Any CPU
		{4AAEDE3D-EE65-47DF-A08F-E2A3FC2161A2}.Release|iPhoneSimulator.ActiveCfg = Release|Any CPU
		{4AAEDE3D-EE65-47DF-A08F-E2A3FC2161A2}.Release|iPhoneSimulator.Build.0 = Release|Any CPU
		{4AAEDE3D-EE65-47DF-A08F-E2A3FC2161A2}.Release|iPhoneSimulator.Deploy.0 = Release|Any CPU
		{4AAEDE3D-EE65-47DF-A08F-E2A3FC2161A2}.Release|x64.ActiveCfg = Release|Any CPU
		{4AAEDE3D-EE65-47DF-A08F-E2A3FC2161A2}.Release|x64.Build.0 = Release|Any CPU
		{4AAEDE3D-EE65-47DF-A08F-E2A3FC2161A2}.Release|x64.Deploy.0 = Release|Any CPU
		{4AAEDE3D-EE65-47DF-A08F-E2A3FC2161A2}.Release|x86.ActiveCfg = Release|Any CPU
		{4AAEDE3D-EE65-47DF-A08F-E2A3FC2161A2}.Release|x86.Build.0 = Release|Any CPU
		{4AAEDE3D-EE65-47DF-A08F-E2A3FC2161A2}.Release|x86.Deploy.0 = Release|Any CPU
		{6EBC05AF-98EE-4A2D-AAED-7FA7DF4C343F}.Debug|Any CPU.ActiveCfg = Debug|iPhoneSimulator
		{6EBC05AF-98EE-4A2D-AAED-7FA7DF4C343F}.Debug|Any CPU.Build.0 = Debug|iPhoneSimulator
		{6EBC05AF-98EE-4A2D-AAED-7FA7DF4C343F}.Debug|Any CPU.Deploy.0 = Debug|iPhoneSimulator
		{6EBC05AF-98EE-4A2D-AAED-7FA7DF4C343F}.Debug|ARM.ActiveCfg = Debug|iPhone
		{6EBC05AF-98EE-4A2D-AAED-7FA7DF4C343F}.Debug|ARM.Build.0 = Debug|iPhone
		{6EBC05AF-98EE-4A2D-AAED-7FA7DF4C343F}.Debug|ARM.Deploy.0 = Debug|iPhone
		{6EBC05AF-98EE-4A2D-AAED-7FA7DF4C343F}.Debug|iPhone.ActiveCfg = Debug|iPhone
		{6EBC05AF-98EE-4A2D-AAED-7FA7DF4C343F}.Debug|iPhone.Build.0 = Debug|iPhone
		{6EBC05AF-98EE-4A2D-AAED-7FA7DF4C343F}.Debug|iPhone.Deploy.0 = Debug|iPhone
		{6EBC05AF-98EE-4A2D-AAED-7FA7DF4C343F}.Debug|iPhoneSimulator.ActiveCfg = Debug|iPhoneSimulator
		{6EBC05AF-98EE-4A2D-AAED-7FA7DF4C343F}.Debug|iPhoneSimulator.Build.0 = Debug|iPhoneSimulator
		{6EBC05AF-98EE-4A2D-AAED-7FA7DF4C343F}.Debug|iPhoneSimulator.Deploy.0 = Debug|iPhoneSimulator
		{6EBC05AF-98EE-4A2D-AAED-7FA7DF4C343F}.Debug|x64.ActiveCfg = Debug|iPhoneSimulator
		{6EBC05AF-98EE-4A2D-AAED-7FA7DF4C343F}.Debug|x64.Build.0 = Debug|iPhoneSimulator
		{6EBC05AF-98EE-4A2D-AAED-7FA7DF4C343F}.Debug|x64.Deploy.0 = Debug|iPhoneSimulator
		{6EBC05AF-98EE-4A2D-AAED-7FA7DF4C343F}.Debug|x86.ActiveCfg = Debug|iPhoneSimulator
		{6EBC05AF-98EE-4A2D-AAED-7FA7DF4C343F}.Debug|x86.Build.0 = Debug|iPhoneSimulator
		{6EBC05AF-98EE-4A2D-AAED-7FA7DF4C343F}.Debug|x86.Deploy.0 = Debug|iPhoneSimulator
		{6EBC05AF-98EE-4A2D-AAED-7FA7DF4C343F}.Release|Any CPU.ActiveCfg = Release|iPhoneSimulator
		{6EBC05AF-98EE-4A2D-AAED-7FA7DF4C343F}.Release|Any CPU.Build.0 = Release|iPhoneSimulator
		{6EBC05AF-98EE-4A2D-AAED-7FA7DF4C343F}.Release|Any CPU.Deploy.0 = Release|iPhoneSimulator
		{6EBC05AF-98EE-4A2D-AAED-7FA7DF4C343F}.Release|ARM.ActiveCfg = Release|iPhoneSimulator
		{6EBC05AF-98EE-4A2D-AAED-7FA7DF4C343F}.Release|ARM.Build.0 = Release|iPhoneSimulator
		{6EBC05AF-98EE-4A2D-AAED-7FA7DF4C343F}.Release|ARM.Deploy.0 = Release|iPhoneSimulator
		{6EBC05AF-98EE-4A2D-AAED-7FA7DF4C343F}.Release|iPhone.ActiveCfg = Release|iPhone
		{6EBC05AF-98EE-4A2D-AAED-7FA7DF4C343F}.Release|iPhone.Build.0 = Release|iPhone
		{6EBC05AF-98EE-4A2D-AAED-7FA7DF4C343F}.Release|iPhone.Deploy.0 = Release|iPhone
		{6EBC05AF-98EE-4A2D-AAED-7FA7DF4C343F}.Release|iPhoneSimulator.ActiveCfg = Release|iPhoneSimulator
		{6EBC05AF-98EE-4A2D-AAED-7FA7DF4C343F}.Release|iPhoneSimulator.Build.0 = Release|iPhoneSimulator
		{6EBC05AF-98EE-4A2D-AAED-7FA7DF4C343F}.Release|iPhoneSimulator.Deploy.0 = Release|iPhoneSimulator
		{6EBC05AF-98EE-4A2D-AAED-7FA7DF4C343F}.Release|x64.ActiveCfg = Release|iPhoneSimulator
		{6EBC05AF-98EE-4A2D-AAED-7FA7DF4C343F}.Release|x64.Build.0 = Release|iPhoneSimulator
		{6EBC05AF-98EE-4A2D-AAED-7FA7DF4C343F}.Release|x64.Deploy.0 = Release|iPhoneSimulator
		{6EBC05AF-98EE-4A2D-AAED-7FA7DF4C343F}.Release|x86.ActiveCfg = Release|iPhoneSimulator
		{6EBC05AF-98EE-4A2D-AAED-7FA7DF4C343F}.Release|x86.Build.0 = Release|iPhoneSimulator
		{6EBC05AF-98EE-4A2D-AAED-7FA7DF4C343F}.Release|x86.Deploy.0 = Release|iPhoneSimulator
		{382574AF-EA45-4E75-8FEF-06F714A5A89C}.Debug|Any CPU.ActiveCfg = Debug|Any CPU
		{382574AF-EA45-4E75-8FEF-06F714A5A89C}.Debug|Any CPU.Build.0 = Debug|Any CPU
		{382574AF-EA45-4E75-8FEF-06F714A5A89C}.Debug|Any CPU.Deploy.0 = Debug|Any CPU
		{382574AF-EA45-4E75-8FEF-06F714A5A89C}.Debug|ARM.ActiveCfg = Debug|Any CPU
		{382574AF-EA45-4E75-8FEF-06F714A5A89C}.Debug|ARM.Build.0 = Debug|Any CPU
		{382574AF-EA45-4E75-8FEF-06F714A5A89C}.Debug|ARM.Deploy.0 = Debug|Any CPU
		{382574AF-EA45-4E75-8FEF-06F714A5A89C}.Debug|iPhone.ActiveCfg = Debug|Any CPU
		{382574AF-EA45-4E75-8FEF-06F714A5A89C}.Debug|iPhone.Build.0 = Debug|Any CPU
		{382574AF-EA45-4E75-8FEF-06F714A5A89C}.Debug|iPhone.Deploy.0 = Debug|Any CPU
		{382574AF-EA45-4E75-8FEF-06F714A5A89C}.Debug|iPhoneSimulator.ActiveCfg = Debug|Any CPU
		{382574AF-EA45-4E75-8FEF-06F714A5A89C}.Debug|iPhoneSimulator.Build.0 = Debug|Any CPU
		{382574AF-EA45-4E75-8FEF-06F714A5A89C}.Debug|iPhoneSimulator.Deploy.0 = Debug|Any CPU
		{382574AF-EA45-4E75-8FEF-06F714A5A89C}.Debug|x64.ActiveCfg = Debug|Any CPU
		{382574AF-EA45-4E75-8FEF-06F714A5A89C}.Debug|x64.Build.0 = Debug|Any CPU
		{382574AF-EA45-4E75-8FEF-06F714A5A89C}.Debug|x64.Deploy.0 = Debug|Any CPU
		{382574AF-EA45-4E75-8FEF-06F714A5A89C}.Debug|x86.ActiveCfg = Debug|Any CPU
		{382574AF-EA45-4E75-8FEF-06F714A5A89C}.Debug|x86.Build.0 = Debug|Any CPU
		{382574AF-EA45-4E75-8FEF-06F714A5A89C}.Debug|x86.Deploy.0 = Debug|Any CPU
		{382574AF-EA45-4E75-8FEF-06F714A5A89C}.Release|Any CPU.ActiveCfg = Release|Any CPU
		{382574AF-EA45-4E75-8FEF-06F714A5A89C}.Release|Any CPU.Build.0 = Release|Any CPU
		{382574AF-EA45-4E75-8FEF-06F714A5A89C}.Release|Any CPU.Deploy.0 = Release|Any CPU
		{382574AF-EA45-4E75-8FEF-06F714A5A89C}.Release|ARM.ActiveCfg = Release|Any CPU
		{382574AF-EA45-4E75-8FEF-06F714A5A89C}.Release|ARM.Build.0 = Release|Any CPU
		{382574AF-EA45-4E75-8FEF-06F714A5A89C}.Release|ARM.Deploy.0 = Release|Any CPU
		{382574AF-EA45-4E75-8FEF-06F714A5A89C}.Release|iPhone.ActiveCfg = Release|Any CPU
		{382574AF-EA45-4E75-8FEF-06F714A5A89C}.Release|iPhone.Build.0 = Release|Any CPU
		{382574AF-EA45-4E75-8FEF-06F714A5A89C}.Release|iPhone.Deploy.0 = Release|Any CPU
		{382574AF-EA45-4E75-8FEF-06F714A5A89C}.Release|iPhoneSimulator.ActiveCfg = Release|Any CPU
		{382574AF-EA45-4E75-8FEF-06F714A5A89C}.Release|iPhoneSimulator.Build.0 = Release|Any CPU
		{382574AF-EA45-4E75-8FEF-06F714A5A89C}.Release|iPhoneSimulator.Deploy.0 = Release|Any CPU
		{382574AF-EA45-4E75-8FEF-06F714A5A89C}.Release|x64.ActiveCfg = Release|Any CPU
		{382574AF-EA45-4E75-8FEF-06F714A5A89C}.Release|x64.Build.0 = Release|Any CPU
		{382574AF-EA45-4E75-8FEF-06F714A5A89C}.Release|x64.Deploy.0 = Release|Any CPU
		{382574AF-EA45-4E75-8FEF-06F714A5A89C}.Release|x86.ActiveCfg = Release|Any CPU
		{382574AF-EA45-4E75-8FEF-06F714A5A89C}.Release|x86.Build.0 = Release|Any CPU
		{382574AF-EA45-4E75-8FEF-06F714A5A89C}.Release|x86.Deploy.0 = Release|Any CPU
	EndGlobalSection
	GlobalSection(SolutionProperties) = preSolution
		HideSolutionNode = FALSE
	EndGlobalSection
	GlobalSection(ExtensibilityGlobals) = postSolution
		SolutionGuid = {485E514E-7BFA-4EA6-B2CC-DC9281EB310D}
	EndGlobalSection
EndGlobal
