
Microsoft Visual Studio Solution File, Format Version 12.00
# Visual Studio Version 16
VisualStudioVersion = 16.0.30711.63
MinimumVisualStudioVersion = 10.0.40219.1
Project("{FAE04EC0-301F-11D3-BF4B-00C04F79EFBC}") = "Assignment6.UWP", "Assignment6.UWP\Assignment6.UWP.csproj", "{BD4D6662-D0A0-4AAB-9C43-A3A264B585D0}"
EndProject
Project("{FAE04EC0-301F-11D3-BF4B-00C04F79EFBC}") = "Assignment6.Android", "Assignment6.Android\Assignment6.Android.csproj", "{A55880C4-0557-4002-89A8-8BD32F689CF9}"
EndProject
Project("{FAE04EC0-301F-11D3-BF4B-00C04F79EFBC}") = "Assignment6.iOS", "Assignment6.iOS\Assignment6.iOS.csproj", "{4CA85F39-45D5-472F-BD7E-C67587261BE7}"
EndProject
Project("{FAE04EC0-301F-11D3-BF4B-00C04F79EFBC}") = "Assignment6", "Assignment6\Assignment6.csproj", "{03253BFE-F33D-4852-B98A-381920D9A70E}"
EndProject
Global
	GlobalSection(SolutionConfigurationPlatforms) = preSolution
		Debug|Any CPU = Debug|Any CPU
		Debug|ARM = Debug|ARM
		Debug|iPhone = Debug|iPhone
		Debug|iPhoneSimulator = Debug|iPhoneSimulator
		Debug|x64 = Debug|x64
		Debug|x86 = Debug|x86
		Release|Any CPU = Release|Any CPU
		Release|ARM = Release|ARM
		Release|iPhone = Release|iPhone
		Release|iPhoneSimulator = Release|iPhoneSimulator
		Release|x64 = Release|x64
		Release|x86 = Release|x86
	EndGlobalSection
	GlobalSection(ProjectConfigurationPlatforms) = postSolution
		{BD4D6662-D0A0-4AAB-9C43-A3A264B585D0}.Debug|Any CPU.ActiveCfg = Debug|x86
		{BD4D6662-D0A0-4AAB-9C43-A3A264B585D0}.Debug|Any CPU.Build.0 = Debug|x86
		{BD4D6662-D0A0-4AAB-9C43-A3A264B585D0}.Debug|Any CPU.Deploy.0 = Debug|x86
		{BD4D6662-D0A0-4AAB-9C43-A3A264B585D0}.Debug|ARM.ActiveCfg = Debug|ARM
		{BD4D6662-D0A0-4AAB-9C43-A3A264B585D0}.Debug|ARM.Build.0 = Debug|ARM
		{BD4D6662-D0A0-4AAB-9C43-A3A264B585D0}.Debug|ARM.Deploy.0 = Debug|ARM
		{BD4D6662-D0A0-4AAB-9C43-A3A264B585D0}.Debug|iPhone.ActiveCfg = Debug|x86
		{BD4D6662-D0A0-4AAB-9C43-A3A264B585D0}.Debug|iPhone.Build.0 = Debug|x86
		{BD4D6662-D0A0-4AAB-9C43-A3A264B585D0}.Debug|iPhone.Deploy.0 = Debug|x86
		{BD4D6662-D0A0-4AAB-9C43-A3A264B585D0}.Debug|iPhoneSimulator.ActiveCfg = Debug|x86
		{BD4D6662-D0A0-4AAB-9C43-A3A264B585D0}.Debug|iPhoneSimulator.Build.0 = Debug|x86
		{BD4D6662-D0A0-4AAB-9C43-A3A264B585D0}.Debug|iPhoneSimulator.Deploy.0 = Debug|x86
		{BD4D6662-D0A0-4AAB-9C43-A3A264B585D0}.Debug|x64.ActiveCfg = Debug|x64
		{BD4D6662-D0A0-4AAB-9C43-A3A264B585D0}.Debug|x64.Build.0 = Debug|x64
		{BD4D6662-D0A0-4AAB-9C43-A3A264B585D0}.Debug|x64.Deploy.0 = Debug|x64
		{BD4D6662-D0A0-4AAB-9C43-A3A264B585D0}.Debug|x86.ActiveCfg = Debug|x86
		{BD4D6662-D0A0-4AAB-9C43-A3A264B585D0}.Debug|x86.Build.0 = Debug|x86
		{BD4D6662-D0A0-4AAB-9C43-A3A264B585D0}.Debug|x86.Deploy.0 = Debug|x86
		{BD4D6662-D0A0-4AAB-9C43-A3A264B585D0}.Release|Any CPU.ActiveCfg = Release|x86
		{BD4D6662-D0A0-4AAB-9C43-A3A264B585D0}.Release|Any CPU.Build.0 = Release|x86
		{BD4D6662-D0A0-4AAB-9C43-A3A264B585D0}.Release|Any CPU.Deploy.0 = Release|x86
		{BD4D6662-D0A0-4AAB-9C43-A3A264B585D0}.Release|ARM.ActiveCfg = Release|ARM
		{BD4D6662-D0A0-4AAB-9C43-A3A264B585D0}.Release|ARM.Build.0 = Release|ARM
		{BD4D6662-D0A0-4AAB-9C43-A3A264B585D0}.Release|ARM.Deploy.0 = Release|ARM
		{BD4D6662-D0A0-4AAB-9C43-A3A264B585D0}.Release|iPhone.ActiveCfg = Release|x86
		{BD4D6662-D0A0-4AAB-9C43-A3A264B585D0}.Release|iPhone.Build.0 = Release|x86
		{BD4D6662-D0A0-4AAB-9C43-A3A264B585D0}.Release|iPhone.Deploy.0 = Release|x86
		{BD4D6662-D0A0-4AAB-9C43-A3A264B585D0}.Release|iPhoneSimulator.ActiveCfg = Release|x86
		{BD4D6662-D0A0-4AAB-9C43-A3A264B585D0}.Release|iPhoneSimulator.Build.0 = Release|x86
		{BD4D6662-D0A0-4AAB-9C43-A3A264B585D0}.Release|iPhoneSimulator.Deploy.0 = Release|x86
		{BD4D6662-D0A0-4AAB-9C43-A3A264B585D0}.Release|x64.ActiveCfg = Release|x64
		{BD4D6662-D0A0-4AAB-9C43-A3A264B585D0}.Release|x64.Build.0 = Release|x64
		{BD4D6662-D0A0-4AAB-9C43-A3A264B585D0}.Release|x64.Deploy.0 = Release|x64
		{BD4D6662-D0A0-4AAB-9C43-A3A264B585D0}.Release|x86.ActiveCfg = Release|x86
		{BD4D6662-D0A0-4AAB-9C43-A3A264B585D0}.Release|x86.Build.0 = Release|x86
		{BD4D6662-D0A0-4AAB-9C43-A3A264B585D0}.Release|x86.Deploy.0 = Release|x86
		{A55880C4-0557-4002-89A8-8BD32F689CF9}.Debug|Any CPU.ActiveCfg = Debug|Any CPU
		{A55880C4-0557-4002-89A8-8BD32F689CF9}.Debug|Any CPU.Build.0 = Debug|Any CPU
		{A55880C4-0557-4002-89A8-8BD32F689CF9}.Debug|Any CPU.Deploy.0 = Debug|Any CPU
		{A55880C4-0557-4002-89A8-8BD32F689CF9}.Debug|ARM.ActiveCfg = Debug|Any CPU
		{A55880C4-0557-4002-89A8-8BD32F689CF9}.Debug|ARM.Build.0 = Debug|Any CPU
		{A55880C4-0557-4002-89A8-8BD32F689CF9}.Debug|ARM.Deploy.0 = Debug|Any CPU
		{A55880C4-0557-4002-89A8-8BD32F689CF9}.Debug|iPhone.ActiveCfg = Debug|Any CPU
		{A55880C4-0557-4002-89A8-8BD32F689CF9}.Debug|iPhone.Build.0 = Debug|Any CPU
		{A55880C4-0557-4002-89A8-8BD32F689CF9}.Debug|iPhone.Deploy.0 = Debug|Any CPU
		{A55880C4-0557-4002-89A8-8BD32F689CF9}.Debug|iPhoneSimulator.ActiveCfg = Debug|Any CPU
		{A55880C4-0557-4002-89A8-8BD32F689CF9}.Debug|iPhoneSimulator.Build.0 = Debug|Any CPU
		{A55880C4-0557-4002-89A8-8BD32F689CF9}.Debug|iPhoneSimulator.Deploy.0 = Debug|Any CPU
		{A55880C4-0557-4002-89A8-8BD32F689CF9}.Debug|x64.ActiveCfg = Debug|Any CPU
		{A55880C4-0557-4002-89A8-8BD32F689CF9}.Debug|x64.Build.0 = Debug|Any CPU
		{A55880C4-0557-4002-89A8-8BD32F689CF9}.Debug|x64.Deploy.0 = Debug|Any CPU
		{A55880C4-0557-4002-89A8-8BD32F689CF9}.Debug|x86.ActiveCfg = Debug|Any CPU
		{A55880C4-0557-4002-89A8-8BD32F689CF9}.Debug|x86.Build.0 = Debug|Any CPU
		{A55880C4-0557-4002-89A8-8BD32F689CF9}.Debug|x86.Deploy.0 = Debug|Any CPU
		{A55880C4-0557-4002-89A8-8BD32F689CF9}.Release|Any CPU.ActiveCfg = Release|Any CPU
		{A55880C4-0557-4002-89A8-8BD32F689CF9}.Release|Any CPU.Build.0 = Release|Any CPU
		{A55880C4-0557-4002-89A8-8BD32F689CF9}.Release|Any CPU.Deploy.0 = Release|Any CPU
		{A55880C4-0557-4002-89A8-8BD32F689CF9}.Release|ARM.ActiveCfg = Release|Any CPU
		{A55880C4-0557-4002-89A8-8BD32F689CF9}.Release|ARM.Build.0 = Release|Any CPU
		{A55880C4-0557-4002-89A8-8BD32F689CF9}.Release|ARM.Deploy.0 = Release|Any CPU
		{A55880C4-0557-4002-89A8-8BD32F689CF9}.Release|iPhone.ActiveCfg = Release|Any CPU
		{A55880C4-0557-4002-89A8-8BD32F689CF9}.Release|iPhone.Build.0 = Release|Any CPU
		{A55880C4-0557-4002-89A8-8BD32F689CF9}.Release|iPhone.Deploy.0 = Release|Any CPU
		{A55880C4-0557-4002-89A8-8BD32F689CF9}.Release|iPhoneSimulator.ActiveCfg = Release|Any CPU
		{A55880C4-0557-4002-89A8-8BD32F689CF9}.Release|iPhoneSimulator.Build.0 = Release|Any CPU
		{A55880C4-0557-4002-89A8-8BD32F689CF9}.Release|iPhoneSimulator.Deploy.0 = Release|Any CPU
		{A55880C4-0557-4002-89A8-8BD32F689CF9}.Release|x64.ActiveCfg = Release|Any CPU
		{A55880C4-0557-4002-89A8-8BD32F689CF9}.Release|x64.Build.0 = Release|Any CPU
		{A55880C4-0557-4002-89A8-8BD32F689CF9}.Release|x64.Deploy.0 = Release|Any CPU
		{A55880C4-0557-4002-89A8-8BD32F689CF9}.Release|x86.ActiveCfg = Release|Any CPU
		{A55880C4-0557-4002-89A8-8BD32F689CF9}.Release|x86.Build.0 = Release|Any CPU
		{A55880C4-0557-4002-89A8-8BD32F689CF9}.Release|x86.Deploy.0 = Release|Any CPU
		{4CA85F39-45D5-472F-BD7E-C67587261BE7}.Debug|Any CPU.ActiveCfg = Debug|iPhoneSimulator
		{4CA85F39-45D5-472F-BD7E-C67587261BE7}.Debug|Any CPU.Build.0 = Debug|iPhoneSimulator
		{4CA85F39-45D5-472F-BD7E-C67587261BE7}.Debug|Any CPU.Deploy.0 = Debug|iPhoneSimulator
		{4CA85F39-45D5-472F-BD7E-C67587261BE7}.Debug|ARM.ActiveCfg = Debug|iPhone
		{4CA85F39-45D5-472F-BD7E-C67587261BE7}.Debug|ARM.Build.0 = Debug|iPhone
		{4CA85F39-45D5-472F-BD7E-C67587261BE7}.Debug|ARM.Deploy.0 = Debug|iPhone
		{4CA85F39-45D5-472F-BD7E-C67587261BE7}.Debug|iPhone.ActiveCfg = Debug|iPhone
		{4CA85F39-45D5-472F-BD7E-C67587261BE7}.Debug|iPhone.Build.0 = Debug|iPhone
		{4CA85F39-45D5-472F-BD7E-C67587261BE7}.Debug|iPhone.Deploy.0 = Debug|iPhone
		{4CA85F39-45D5-472F-BD7E-C67587261BE7}.Debug|iPhoneSimulator.ActiveCfg = Debug|iPhoneSimulator
		{4CA85F39-45D5-472F-BD7E-C67587261BE7}.Debug|iPhoneSimulator.Build.0 = Debug|iPhoneSimulator
		{4CA85F39-45D5-472F-BD7E-C67587261BE7}.Debug|iPhoneSimulator.Deploy.0 = Debug|iPhoneSimulator
		{4CA85F39-45D5-472F-BD7E-C67587261BE7}.Debug|x64.ActiveCfg = Debug|iPhoneSimulator
		{4CA85F39-45D5-472F-BD7E-C67587261BE7}.Debug|x64.Build.0 = Debug|iPhoneSimulator
		{4CA85F39-45D5-472F-BD7E-C67587261BE7}.Debug|x64.Deploy.0 = Debug|iPhoneSimulator
		{4CA85F39-45D5-472F-BD7E-C67587261BE7}.Debug|x86.ActiveCfg = Debug|iPhoneSimulator
		{4CA85F39-45D5-472F-BD7E-C67587261BE7}.Debug|x86.Build.0 = Debug|iPhoneSimulator
		{4CA85F39-45D5-472F-BD7E-C67587261BE7}.Debug|x86.Deploy.0 = Debug|iPhoneSimulator
		{4CA85F39-45D5-472F-BD7E-C67587261BE7}.Release|Any CPU.ActiveCfg = Release|iPhoneSimulator
		{4CA85F39-45D5-472F-BD7E-C67587261BE7}.Release|Any CPU.Build.0 = Release|iPhoneSimulator
		{4CA85F39-45D5-472F-BD7E-C67587261BE7}.Release|Any CPU.Deploy.0 = Release|iPhoneSimulator
		{4CA85F39-45D5-472F-BD7E-C67587261BE7}.Release|ARM.ActiveCfg = Release|iPhoneSimulator
		{4CA85F39-45D5-472F-BD7E-C67587261BE7}.Release|ARM.Build.0 = Release|iPhoneSimulator
		{4CA85F39-45D5-472F-BD7E-C67587261BE7}.Release|ARM.Deploy.0 = Release|iPhoneSimulator
		{4CA85F39-45D5-472F-BD7E-C67587261BE7}.Release|iPhone.ActiveCfg = Release|iPhone
		{4CA85F39-45D5-472F-BD7E-C67587261BE7}.Release|iPhone.Build.0 = Release|iPhone
		{4CA85F39-45D5-472F-BD7E-C67587261BE7}.Release|iPhone.Deploy.0 = Release|iPhone
		{4CA85F39-45D5-472F-BD7E-C67587261BE7}.Release|iPhoneSimulator.ActiveCfg = Release|iPhoneSimulator
		{4CA85F39-45D5-472F-BD7E-C67587261BE7}.Release|iPhoneSimulator.Build.0 = Release|iPhoneSimulator
		{4CA85F39-45D5-472F-BD7E-C67587261BE7}.Release|iPhoneSimulator.Deploy.0 = Release|iPhoneSimulator
		{4CA85F39-45D5-472F-BD7E-C67587261BE7}.Release|x64.ActiveCfg = Release|iPhoneSimulator
		{4CA85F39-45D5-472F-BD7E-C67587261BE7}.Release|x64.Build.0 = Release|iPhoneSimulator
		{4CA85F39-45D5-472F-BD7E-C67587261BE7}.Release|x64.Deploy.0 = Release|iPhoneSimulator
		{4CA85F39-45D5-472F-BD7E-C67587261BE7}.Release|x86.ActiveCfg = Release|iPhoneSimulator
		{4CA85F39-45D5-472F-BD7E-C67587261BE7}.Release|x86.Build.0 = Release|iPhoneSimulator
		{4CA85F39-45D5-472F-BD7E-C67587261BE7}.Release|x86.Deploy.0 = Release|iPhoneSimulator
		{03253BFE-F33D-4852-B98A-381920D9A70E}.Debug|Any CPU.ActiveCfg = Debug|Any CPU
		{03253BFE-F33D-4852-B98A-381920D9A70E}.Debug|Any CPU.Build.0 = Debug|Any CPU
		{03253BFE-F33D-4852-B98A-381920D9A70E}.Debug|Any CPU.Deploy.0 = Debug|Any CPU
		{03253BFE-F33D-4852-B98A-381920D9A70E}.Debug|ARM.ActiveCfg = Debug|Any CPU
		{03253BFE-F33D-4852-B98A-381920D9A70E}.Debug|ARM.Build.0 = Debug|Any CPU
		{03253BFE-F33D-4852-B98A-381920D9A70E}.Debug|ARM.Deploy.0 = Debug|Any CPU
		{03253BFE-F33D-4852-B98A-381920D9A70E}.Debug|iPhone.ActiveCfg = Debug|Any CPU
		{03253BFE-F33D-4852-B98A-381920D9A70E}.Debug|iPhone.Build.0 = Debug|Any CPU
		{03253BFE-F33D-4852-B98A-381920D9A70E}.Debug|iPhone.Deploy.0 = Debug|Any CPU
		{03253BFE-F33D-4852-B98A-381920D9A70E}.Debug|iPhoneSimulator.ActiveCfg = Debug|Any CPU
		{03253BFE-F33D-4852-B98A-381920D9A70E}.Debug|iPhoneSimulator.Build.0 = Debug|Any CPU
		{03253BFE-F33D-4852-B98A-381920D9A70E}.Debug|iPhoneSimulator.Deploy.0 = Debug|Any CPU
		{03253BFE-F33D-4852-B98A-381920D9A70E}.Debug|x64.ActiveCfg = Debug|Any CPU
		{03253BFE-F33D-4852-B98A-381920D9A70E}.Debug|x64.Build.0 = Debug|Any CPU
		{03253BFE-F33D-4852-B98A-381920D9A70E}.Debug|x64.Deploy.0 = Debug|Any CPU
		{03253BFE-F33D-4852-B98A-381920D9A70E}.Debug|x86.ActiveCfg = Debug|Any CPU
		{03253BFE-F33D-4852-B98A-381920D9A70E}.Debug|x86.Build.0 = Debug|Any CPU
		{03253BFE-F33D-4852-B98A-381920D9A70E}.Debug|x86.Deploy.0 = Debug|Any CPU
		{03253BFE-F33D-4852-B98A-381920D9A70E}.Release|Any CPU.ActiveCfg = Release|Any CPU
		{03253BFE-F33D-4852-B98A-381920D9A70E}.Release|Any CPU.Build.0 = Release|Any CPU
		{03253BFE-F33D-4852-B98A-381920D9A70E}.Release|Any CPU.Deploy.0 = Release|Any CPU
		{03253BFE-F33D-4852-B98A-381920D9A70E}.Release|ARM.ActiveCfg = Release|Any CPU
		{03253BFE-F33D-4852-B98A-381920D9A70E}.Release|ARM.Build.0 = Release|Any CPU
		{03253BFE-F33D-4852-B98A-381920D9A70E}.Release|ARM.Deploy.0 = Release|Any CPU
		{03253BFE-F33D-4852-B98A-381920D9A70E}.Release|iPhone.ActiveCfg = Release|Any CPU
		{03253BFE-F33D-4852-B98A-381920D9A70E}.Release|iPhone.Build.0 = Release|Any CPU
		{03253BFE-F33D-4852-B98A-381920D9A70E}.Release|iPhone.Deploy.0 = Release|Any CPU
		{03253BFE-F33D-4852-B98A-381920D9A70E}.Release|iPhoneSimulator.ActiveCfg = Release|Any CPU
		{03253BFE-F33D-4852-B98A-381920D9A70E}.Release|iPhoneSimulator.Build.0 = Release|Any CPU
		{03253BFE-F33D-4852-B98A-381920D9A70E}.Release|iPhoneSimulator.Deploy.0 = Release|Any CPU
		{03253BFE-F33D-4852-B98A-381920D9A70E}.Release|x64.ActiveCfg = Release|Any CPU
		{03253BFE-F33D-4852-B98A-381920D9A70E}.Release|x64.Build.0 = Release|Any CPU
		{03253BFE-F33D-4852-B98A-381920D9A70E}.Release|x64.Deploy.0 = Release|Any CPU
		{03253BFE-F33D-4852-B98A-381920D9A70E}.Release|x86.ActiveCfg = Release|Any CPU
		{03253BFE-F33D-4852-B98A-381920D9A70E}.Release|x86.Build.0 = Release|Any CPU
		{03253BFE-F33D-4852-B98A-381920D9A70E}.Release|x86.Deploy.0 = Release|Any CPU
	EndGlobalSection
	GlobalSection(SolutionProperties) = preSolution
		HideSolutionNode = FALSE
	EndGlobalSection
	GlobalSection(ExtensibilityGlobals) = postSolution
		SolutionGuid = {0FE0C797-9DEA-4A92-9C58-FD3004657D52}
	EndGlobalSection
EndGlobal
