
Microsoft Visual Studio Solution File, Format Version 12.00
# Visual Studio Version 16
VisualStudioVersion = 16.0.30523.141
MinimumVisualStudioVersion = 10.0.40219.1
Project("{FAE04EC0-301F-11D3-BF4B-00C04F79EFBC}") = "Assignment1.UWP", "Assignment1.UWP\Assignment1.UWP.csproj", "{B027FB69-B907-457E-936C-576D68830F46}"
EndProject
Project("{FAE04EC0-301F-11D3-BF4B-00C04F79EFBC}") = "Assignment1.Android", "Assignment1.Android\Assignment1.Android.csproj", "{6D7074CB-57E9-4CE9-B958-5740809B2A30}"
EndProject
Project("{FAE04EC0-301F-11D3-BF4B-00C04F79EFBC}") = "Assignment1.iOS", "Assignment1.iOS\Assignment1.iOS.csproj", "{25093239-EDAD-4F1D-AB67-DA67227D49BE}"
EndProject
Project("{FAE04EC0-301F-11D3-BF4B-00C04F79EFBC}") = "Assignment1", "Assignment1\Assignment1.csproj", "{FCB7DAC5-1335-41E0-B46F-CD2FEDBBE31E}"
EndProject
Global
	GlobalSection(SolutionConfigurationPlatforms) = preSolution
		Debug|Any CPU = Debug|Any CPU
		Debug|ARM = Debug|ARM
		Debug|iPhone = Debug|iPhone
		Debug|iPhoneSimulator = Debug|iPhoneSimulator
		Debug|x64 = Debug|x64
		Debug|x86 = Debug|x86
		Release|Any CPU = Release|Any CPU
		Release|ARM = Release|ARM
		Release|iPhone = Release|iPhone
		Release|iPhoneSimulator = Release|iPhoneSimulator
		Release|x64 = Release|x64
		Release|x86 = Release|x86
	EndGlobalSection
	GlobalSection(ProjectConfigurationPlatforms) = postSolution
		{B027FB69-B907-457E-936C-576D68830F46}.Debug|Any CPU.ActiveCfg = Debug|x86
		{B027FB69-B907-457E-936C-576D68830F46}.Debug|Any CPU.Build.0 = Debug|x86
		{B027FB69-B907-457E-936C-576D68830F46}.Debug|Any CPU.Deploy.0 = Debug|x86
		{B027FB69-B907-457E-936C-576D68830F46}.Debug|ARM.ActiveCfg = Debug|ARM
		{B027FB69-B907-457E-936C-576D68830F46}.Debug|ARM.Build.0 = Debug|ARM
		{B027FB69-B907-457E-936C-576D68830F46}.Debug|ARM.Deploy.0 = Debug|ARM
		{B027FB69-B907-457E-936C-576D68830F46}.Debug|iPhone.ActiveCfg = Debug|x86
		{B027FB69-B907-457E-936C-576D68830F46}.Debug|iPhone.Build.0 = Debug|x86
		{B027FB69-B907-457E-936C-576D68830F46}.Debug|iPhone.Deploy.0 = Debug|x86
		{B027FB69-B907-457E-936C-576D68830F46}.Debug|iPhoneSimulator.ActiveCfg = Debug|x86
		{B027FB69-B907-457E-936C-576D68830F46}.Debug|iPhoneSimulator.Build.0 = Debug|x86
		{B027FB69-B907-457E-936C-576D68830F46}.Debug|iPhoneSimulator.Deploy.0 = Debug|x86
		{B027FB69-B907-457E-936C-576D68830F46}.Debug|x64.ActiveCfg = Debug|x64
		{B027FB69-B907-457E-936C-576D68830F46}.Debug|x64.Build.0 = Debug|x64
		{B027FB69-B907-457E-936C-576D68830F46}.Debug|x64.Deploy.0 = Debug|x64
		{B027FB69-B907-457E-936C-576D68830F46}.Debug|x86.ActiveCfg = Debug|x86
		{B027FB69-B907-457E-936C-576D68830F46}.Debug|x86.Build.0 = Debug|x86
		{B027FB69-B907-457E-936C-576D68830F46}.Debug|x86.Deploy.0 = Debug|x86
		{B027FB69-B907-457E-936C-576D68830F46}.Release|Any CPU.ActiveCfg = Release|x86
		{B027FB69-B907-457E-936C-576D68830F46}.Release|Any CPU.Build.0 = Release|x86
		{B027FB69-B907-457E-936C-576D68830F46}.Release|Any CPU.Deploy.0 = Release|x86
		{B027FB69-B907-457E-936C-576D68830F46}.Release|ARM.ActiveCfg = Release|ARM
		{B027FB69-B907-457E-936C-576D68830F46}.Release|ARM.Build.0 = Release|ARM
		{B027FB69-B907-457E-936C-576D68830F46}.Release|ARM.Deploy.0 = Release|ARM
		{B027FB69-B907-457E-936C-576D68830F46}.Release|iPhone.ActiveCfg = Release|x86
		{B027FB69-B907-457E-936C-576D68830F46}.Release|iPhone.Build.0 = Release|x86
		{B027FB69-B907-457E-936C-576D68830F46}.Release|iPhone.Deploy.0 = Release|x86
		{B027FB69-B907-457E-936C-576D68830F46}.Release|iPhoneSimulator.ActiveCfg = Release|x86
		{B027FB69-B907-457E-936C-576D68830F46}.Release|iPhoneSimulator.Build.0 = Release|x86
		{B027FB69-B907-457E-936C-576D68830F46}.Release|iPhoneSimulator.Deploy.0 = Release|x86
		{B027FB69-B907-457E-936C-576D68830F46}.Release|x64.ActiveCfg = Release|x64
		{B027FB69-B907-457E-936C-576D68830F46}.Release|x64.Build.0 = Release|x64
		{B027FB69-B907-457E-936C-576D68830F46}.Release|x64.Deploy.0 = Release|x64
		{B027FB69-B907-457E-936C-576D68830F46}.Release|x86.ActiveCfg = Release|x86
		{B027FB69-B907-457E-936C-576D68830F46}.Release|x86.Build.0 = Release|x86
		{B027FB69-B907-457E-936C-576D68830F46}.Release|x86.Deploy.0 = Release|x86
		{6D7074CB-57E9-4CE9-B958-5740809B2A30}.Debug|Any CPU.ActiveCfg = Debug|Any CPU
		{6D7074CB-57E9-4CE9-B958-5740809B2A30}.Debug|Any CPU.Build.0 = Debug|Any CPU
		{6D7074CB-57E9-4CE9-B958-5740809B2A30}.Debug|Any CPU.Deploy.0 = Debug|Any CPU
		{6D7074CB-57E9-4CE9-B958-5740809B2A30}.Debug|ARM.ActiveCfg = Debug|Any CPU
		{6D7074CB-57E9-4CE9-B958-5740809B2A30}.Debug|ARM.Build.0 = Debug|Any CPU
		{6D7074CB-57E9-4CE9-B958-5740809B2A30}.Debug|ARM.Deploy.0 = Debug|Any CPU
		{6D7074CB-57E9-4CE9-B958-5740809B2A30}.Debug|iPhone.ActiveCfg = Debug|Any CPU
		{6D7074CB-57E9-4CE9-B958-5740809B2A30}.Debug|iPhone.Build.0 = Debug|Any CPU
		{6D7074CB-57E9-4CE9-B958-5740809B2A30}.Debug|iPhone.Deploy.0 = Debug|Any CPU
		{6D7074CB-57E9-4CE9-B958-5740809B2A30}.Debug|iPhoneSimulator.ActiveCfg = Debug|Any CPU
		{6D7074CB-57E9-4CE9-B958-5740809B2A30}.Debug|iPhoneSimulator.Build.0 = Debug|Any CPU
		{6D7074CB-57E9-4CE9-B958-5740809B2A30}.Debug|iPhoneSimulator.Deploy.0 = Debug|Any CPU
		{6D7074CB-57E9-4CE9-B958-5740809B2A30}.Debug|x64.ActiveCfg = Debug|Any CPU
		{6D7074CB-57E9-4CE9-B958-5740809B2A30}.Debug|x64.Build.0 = Debug|Any CPU
		{6D7074CB-57E9-4CE9-B958-5740809B2A30}.Debug|x64.Deploy.0 = Debug|Any CPU
		{6D7074CB-57E9-4CE9-B958-5740809B2A30}.Debug|x86.ActiveCfg = Debug|Any CPU
		{6D7074CB-57E9-4CE9-B958-5740809B2A30}.Debug|x86.Build.0 = Debug|Any CPU
		{6D7074CB-57E9-4CE9-B958-5740809B2A30}.Debug|x86.Deploy.0 = Debug|Any CPU
		{6D7074CB-57E9-4CE9-B958-5740809B2A30}.Release|Any CPU.ActiveCfg = Release|Any CPU
		{6D7074CB-57E9-4CE9-B958-5740809B2A30}.Release|Any CPU.Build.0 = Release|Any CPU
		{6D7074CB-57E9-4CE9-B958-5740809B2A30}.Release|Any CPU.Deploy.0 = Release|Any CPU
		{6D7074CB-57E9-4CE9-B958-5740809B2A30}.Release|ARM.ActiveCfg = Release|Any CPU
		{6D7074CB-57E9-4CE9-B958-5740809B2A30}.Release|ARM.Build.0 = Release|Any CPU
		{6D7074CB-57E9-4CE9-B958-5740809B2A30}.Release|ARM.Deploy.0 = Release|Any CPU
		{6D7074CB-57E9-4CE9-B958-5740809B2A30}.Release|iPhone.ActiveCfg = Release|Any CPU
		{6D7074CB-57E9-4CE9-B958-5740809B2A30}.Release|iPhone.Build.0 = Release|Any CPU
		{6D7074CB-57E9-4CE9-B958-5740809B2A30}.Release|iPhone.Deploy.0 = Release|Any CPU
		{6D7074CB-57E9-4CE9-B958-5740809B2A30}.Release|iPhoneSimulator.ActiveCfg = Release|Any CPU
		{6D7074CB-57E9-4CE9-B958-5740809B2A30}.Release|iPhoneSimulator.Build.0 = Release|Any CPU
		{6D7074CB-57E9-4CE9-B958-5740809B2A30}.Release|iPhoneSimulator.Deploy.0 = Release|Any CPU
		{6D7074CB-57E9-4CE9-B958-5740809B2A30}.Release|x64.ActiveCfg = Release|Any CPU
		{6D7074CB-57E9-4CE9-B958-5740809B2A30}.Release|x64.Build.0 = Release|Any CPU
		{6D7074CB-57E9-4CE9-B958-5740809B2A30}.Release|x64.Deploy.0 = Release|Any CPU
		{6D7074CB-57E9-4CE9-B958-5740809B2A30}.Release|x86.ActiveCfg = Release|Any CPU
		{6D7074CB-57E9-4CE9-B958-5740809B2A30}.Release|x86.Build.0 = Release|Any CPU
		{6D7074CB-57E9-4CE9-B958-5740809B2A30}.Release|x86.Deploy.0 = Release|Any CPU
		{25093239-EDAD-4F1D-AB67-DA67227D49BE}.Debug|Any CPU.ActiveCfg = Debug|iPhoneSimulator
		{25093239-EDAD-4F1D-AB67-DA67227D49BE}.Debug|Any CPU.Build.0 = Debug|iPhoneSimulator
		{25093239-EDAD-4F1D-AB67-DA67227D49BE}.Debug|Any CPU.Deploy.0 = Debug|iPhoneSimulator
		{25093239-EDAD-4F1D-AB67-DA67227D49BE}.Debug|ARM.ActiveCfg = Debug|iPhone
		{25093239-EDAD-4F1D-AB67-DA67227D49BE}.Debug|ARM.Build.0 = Debug|iPhone
		{25093239-EDAD-4F1D-AB67-DA67227D49BE}.Debug|ARM.Deploy.0 = Debug|iPhone
		{25093239-EDAD-4F1D-AB67-DA67227D49BE}.Debug|iPhone.ActiveCfg = Debug|iPhone
		{25093239-EDAD-4F1D-AB67-DA67227D49BE}.Debug|iPhone.Build.0 = Debug|iPhone
		{25093239-EDAD-4F1D-AB67-DA67227D49BE}.Debug|iPhone.Deploy.0 = Debug|iPhone
		{25093239-EDAD-4F1D-AB67-DA67227D49BE}.Debug|iPhoneSimulator.ActiveCfg = Debug|iPhoneSimulator
		{25093239-EDAD-4F1D-AB67-DA67227D49BE}.Debug|iPhoneSimulator.Build.0 = Debug|iPhoneSimulator
		{25093239-EDAD-4F1D-AB67-DA67227D49BE}.Debug|iPhoneSimulator.Deploy.0 = Debug|iPhoneSimulator
		{25093239-EDAD-4F1D-AB67-DA67227D49BE}.Debug|x64.ActiveCfg = Debug|iPhoneSimulator
		{25093239-EDAD-4F1D-AB67-DA67227D49BE}.Debug|x64.Build.0 = Debug|iPhoneSimulator
		{25093239-EDAD-4F1D-AB67-DA67227D49BE}.Debug|x64.Deploy.0 = Debug|iPhoneSimulator
		{25093239-EDAD-4F1D-AB67-DA67227D49BE}.Debug|x86.ActiveCfg = Debug|iPhoneSimulator
		{25093239-EDAD-4F1D-AB67-DA67227D49BE}.Debug|x86.Build.0 = Debug|iPhoneSimulator
		{25093239-EDAD-4F1D-AB67-DA67227D49BE}.Debug|x86.Deploy.0 = Debug|iPhoneSimulator
		{25093239-EDAD-4F1D-AB67-DA67227D49BE}.Release|Any CPU.ActiveCfg = Release|iPhoneSimulator
		{25093239-EDAD-4F1D-AB67-DA67227D49BE}.Release|Any CPU.Build.0 = Release|iPhoneSimulator
		{25093239-EDAD-4F1D-AB67-DA67227D49BE}.Release|Any CPU.Deploy.0 = Release|iPhoneSimulator
		{25093239-EDAD-4F1D-AB67-DA67227D49BE}.Release|ARM.ActiveCfg = Release|iPhoneSimulator
		{25093239-EDAD-4F1D-AB67-DA67227D49BE}.Release|ARM.Build.0 = Release|iPhoneSimulator
		{25093239-EDAD-4F1D-AB67-DA67227D49BE}.Release|ARM.Deploy.0 = Release|iPhoneSimulator
		{25093239-EDAD-4F1D-AB67-DA67227D49BE}.Release|iPhone.ActiveCfg = Release|iPhone
		{25093239-EDAD-4F1D-AB67-DA67227D49BE}.Release|iPhone.Build.0 = Release|iPhone
		{25093239-EDAD-4F1D-AB67-DA67227D49BE}.Release|iPhone.Deploy.0 = Release|iPhone
		{25093239-EDAD-4F1D-AB67-DA67227D49BE}.Release|iPhoneSimulator.ActiveCfg = Release|iPhoneSimulator
		{25093239-EDAD-4F1D-AB67-DA67227D49BE}.Release|iPhoneSimulator.Build.0 = Release|iPhoneSimulator
		{25093239-EDAD-4F1D-AB67-DA67227D49BE}.Release|iPhoneSimulator.Deploy.0 = Release|iPhoneSimulator
		{25093239-EDAD-4F1D-AB67-DA67227D49BE}.Release|x64.ActiveCfg = Release|iPhoneSimulator
		{25093239-EDAD-4F1D-AB67-DA67227D49BE}.Release|x64.Build.0 = Release|iPhoneSimulator
		{25093239-EDAD-4F1D-AB67-DA67227D49BE}.Release|x64.Deploy.0 = Release|iPhoneSimulator
		{25093239-EDAD-4F1D-AB67-DA67227D49BE}.Release|x86.ActiveCfg = Release|iPhoneSimulator
		{25093239-EDAD-4F1D-AB67-DA67227D49BE}.Release|x86.Build.0 = Release|iPhoneSimulator
		{25093239-EDAD-4F1D-AB67-DA67227D49BE}.Release|x86.Deploy.0 = Release|iPhoneSimulator
		{FCB7DAC5-1335-41E0-B46F-CD2FEDBBE31E}.Debug|Any CPU.ActiveCfg = Debug|Any CPU
		{FCB7DAC5-1335-41E0-B46F-CD2FEDBBE31E}.Debug|Any CPU.Build.0 = Debug|Any CPU
		{FCB7DAC5-1335-41E0-B46F-CD2FEDBBE31E}.Debug|Any CPU.Deploy.0 = Debug|Any CPU
		{FCB7DAC5-1335-41E0-B46F-CD2FEDBBE31E}.Debug|ARM.ActiveCfg = Debug|Any CPU
		{FCB7DAC5-1335-41E0-B46F-CD2FEDBBE31E}.Debug|ARM.Build.0 = Debug|Any CPU
		{FCB7DAC5-1335-41E0-B46F-CD2FEDBBE31E}.Debug|ARM.Deploy.0 = Debug|Any CPU
		{FCB7DAC5-1335-41E0-B46F-CD2FEDBBE31E}.Debug|iPhone.ActiveCfg = Debug|Any CPU
		{FCB7DAC5-1335-41E0-B46F-CD2FEDBBE31E}.Debug|iPhone.Build.0 = Debug|Any CPU
		{FCB7DAC5-1335-41E0-B46F-CD2FEDBBE31E}.Debug|iPhone.Deploy.0 = Debug|Any CPU
		{FCB7DAC5-1335-41E0-B46F-CD2FEDBBE31E}.Debug|iPhoneSimulator.ActiveCfg = Debug|Any CPU
		{FCB7DAC5-1335-41E0-B46F-CD2FEDBBE31E}.Debug|iPhoneSimulator.Build.0 = Debug|Any CPU
		{FCB7DAC5-1335-41E0-B46F-CD2FEDBBE31E}.Debug|iPhoneSimulator.Deploy.0 = Debug|Any CPU
		{FCB7DAC5-1335-41E0-B46F-CD2FEDBBE31E}.Debug|x64.ActiveCfg = Debug|Any CPU
		{FCB7DAC5-1335-41E0-B46F-CD2FEDBBE31E}.Debug|x64.Build.0 = Debug|Any CPU
		{FCB7DAC5-1335-41E0-B46F-CD2FEDBBE31E}.Debug|x64.Deploy.0 = Debug|Any CPU
		{FCB7DAC5-1335-41E0-B46F-CD2FEDBBE31E}.Debug|x86.ActiveCfg = Debug|Any CPU
		{FCB7DAC5-1335-41E0-B46F-CD2FEDBBE31E}.Debug|x86.Build.0 = Debug|Any CPU
		{FCB7DAC5-1335-41E0-B46F-CD2FEDBBE31E}.Debug|x86.Deploy.0 = Debug|Any CPU
		{FCB7DAC5-1335-41E0-B46F-CD2FEDBBE31E}.Release|Any CPU.ActiveCfg = Release|Any CPU
		{FCB7DAC5-1335-41E0-B46F-CD2FEDBBE31E}.Release|Any CPU.Build.0 = Release|Any CPU
		{FCB7DAC5-1335-41E0-B46F-CD2FEDBBE31E}.Release|Any CPU.Deploy.0 = Release|Any CPU
		{FCB7DAC5-1335-41E0-B46F-CD2FEDBBE31E}.Release|ARM.ActiveCfg = Release|Any CPU
		{FCB7DAC5-1335-41E0-B46F-CD2FEDBBE31E}.Release|ARM.Build.0 = Release|Any CPU
		{FCB7DAC5-1335-41E0-B46F-CD2FEDBBE31E}.Release|ARM.Deploy.0 = Release|Any CPU
		{FCB7DAC5-1335-41E0-B46F-CD2FEDBBE31E}.Release|iPhone.ActiveCfg = Release|Any CPU
		{FCB7DAC5-1335-41E0-B46F-CD2FEDBBE31E}.Release|iPhone.Build.0 = Release|Any CPU
		{FCB7DAC5-1335-41E0-B46F-CD2FEDBBE31E}.Release|iPhone.Deploy.0 = Release|Any CPU
		{FCB7DAC5-1335-41E0-B46F-CD2FEDBBE31E}.Release|iPhoneSimulator.ActiveCfg = Release|Any CPU
		{FCB7DAC5-1335-41E0-B46F-CD2FEDBBE31E}.Release|iPhoneSimulator.Build.0 = Release|Any CPU
		{FCB7DAC5-1335-41E0-B46F-CD2FEDBBE31E}.Release|iPhoneSimulator.Deploy.0 = Release|Any CPU
		{FCB7DAC5-1335-41E0-B46F-CD2FEDBBE31E}.Release|x64.ActiveCfg = Release|Any CPU
		{FCB7DAC5-1335-41E0-B46F-CD2FEDBBE31E}.Release|x64.Build.0 = Release|Any CPU
		{FCB7DAC5-1335-41E0-B46F-CD2FEDBBE31E}.Release|x64.Deploy.0 = Release|Any CPU
		{FCB7DAC5-1335-41E0-B46F-CD2FEDBBE31E}.Release|x86.ActiveCfg = Release|Any CPU
		{FCB7DAC5-1335-41E0-B46F-CD2FEDBBE31E}.Release|x86.Build.0 = Release|Any CPU
		{FCB7DAC5-1335-41E0-B46F-CD2FEDBBE31E}.Release|x86.Deploy.0 = Release|Any CPU
	EndGlobalSection
	GlobalSection(SolutionProperties) = preSolution
		HideSolutionNode = FALSE
	EndGlobalSection
	GlobalSection(ExtensibilityGlobals) = postSolution
		SolutionGuid = {613572AB-B805-4D5B-8718-D1867C5129CC}
	EndGlobalSection
EndGlobal
